github.com/BurntSushi/toml v0.3.1 h1:WXkYYl6Yr3qBf1K79EBnL4mak0OimBfB0XUf9Vl28OQ=
github.com/BurntSushi/toml v0.3.1/go.mod h1:xHWCNGjB5oqiDr8zfno3MHue2Ht5sIBksp03qcyfWMU=
github.com/NoteToScreen/maily-go v0.0.0-20190916010733-8ac50d60eb5d h1:nla2v9f5g1bVb5fDavUifuTYyTEL9YwYrz600Pb/gqQ=
github.com/NoteToScreen/maily-go v0.0.0-20190916010733-8ac50d60eb5d/go.mod h1:NUAvNkoDaIVvdAQJSnfxtS80IDnLLoguuMo0sP2aY9Y=
